
Microsoft Visual Studio Solution File, Format Version 12.00
# Visual Studio Version 16
VisualStudioVersion = 16.0.29905.134
MinimumVisualStudioVersion = 10.0.40219.1
Project("{FAE04EC0-301F-11D3-BF4B-00C04F79EFBC}") = "WindowsFormsApp1", "WindowsFormsApp1.csproj", "{95DC2524-179A-4AB9-923D-E6A33305F85B}"
EndProject
Project("{FAE04EC0-301F-11D3-BF4B-00C04F79EFBC}") = "WindowsFormsText", "..\WindowsFormsText\WindowsFormsText.csproj", "{A6B77312-4789-4168-9C2F-DE0DD89569A8}"
EndProject
Project("{FAE04EC0-301F-11D3-BF4B-00C04F79EFBC}") = "WindowsFormsKnappar", "..\WindowsFormsKnappar\WindowsFormsKnappar.csproj", "{70D701DD-5938-45BA-B47F-E9FEE15AC01D}"
EndProject
Project("{FAE04EC0-301F-11D3-BF4B-00C04F79EFBC}") = "WindowsFormsAppMenyer", "..\WindowsFormsAppMenyer\WindowsFormsAppMenyer.csproj", "{CD825D94-83CF-4093-ABA2-15A7117C3751}"
EndProject
Global
	GlobalSection(SolutionConfigurationPlatforms) = preSolution
		Debug|Any CPU = Debug|Any CPU
		Debug|x64 = Debug|x64
		Release|Any CPU = Release|Any CPU
		Release|x64 = Release|x64
	EndGlobalSection
	GlobalSection(ProjectConfigurationPlatforms) = postSolution
		{95DC2524-179A-4AB9-923D-E6A33305F85B}.Debug|Any CPU.ActiveCfg = Debug|Any CPU
		{95DC2524-179A-4AB9-923D-E6A33305F85B}.Debug|Any CPU.Build.0 = Debug|Any CPU
		{95DC2524-179A-4AB9-923D-E6A33305F85B}.Debug|x64.ActiveCfg = Debug|x64
		{95DC2524-179A-4AB9-923D-E6A33305F85B}.Debug|x64.Build.0 = Debug|x64
		{95DC2524-179A-4AB9-923D-E6A33305F85B}.Release|Any CPU.ActiveCfg = Release|Any CPU
		{95DC2524-179A-4AB9-923D-E6A33305F85B}.Release|Any CPU.Build.0 = Release|Any CPU
		{95DC2524-179A-4AB9-923D-E6A33305F85B}.Release|x64.ActiveCfg = Release|x64
		{95DC2524-179A-4AB9-923D-E6A33305F85B}.Release|x64.Build.0 = Release|x64
		{A6B77312-4789-4168-9C2F-DE0DD89569A8}.Debug|Any CPU.ActiveCfg = Debug|Any CPU
		{A6B77312-4789-4168-9C2F-DE0DD89569A8}.Debug|Any CPU.Build.0 = Debug|Any CPU
		{A6B77312-4789-4168-9C2F-DE0DD89569A8}.Debug|x64.ActiveCfg = Debug|Any CPU
		{A6B77312-4789-4168-9C2F-DE0DD89569A8}.Debug|x64.Build.0 = Debug|Any CPU
		{A6B77312-4789-4168-9C2F-DE0DD89569A8}.Release|Any CPU.ActiveCfg = Release|Any CPU
		{A6B77312-4789-4168-9C2F-DE0DD89569A8}.Release|Any CPU.Build.0 = Release|Any CPU
		{A6B77312-4789-4168-9C2F-DE0DD89569A8}.Release|x64.ActiveCfg = Release|Any CPU
		{A6B77312-4789-4168-9C2F-DE0DD89569A8}.Release|x64.Build.0 = Release|Any CPU
		{70D701DD-5938-45BA-B47F-E9FEE15AC01D}.Debug|Any CPU.ActiveCfg = Debug|Any CPU
		{70D701DD-5938-45BA-B47F-E9FEE15AC01D}.Debug|Any CPU.Build.0 = Debug|Any CPU
		{70D701DD-5938-45BA-B47F-E9FEE15AC01D}.Debug|x64.ActiveCfg = Debug|Any CPU
		{70D701DD-5938-45BA-B47F-E9FEE15AC01D}.Debug|x64.Build.0 = Debug|Any CPU
		{70D701DD-5938-45BA-B47F-E9FEE15AC01D}.Release|Any CPU.ActiveCfg = Release|Any CPU
		{70D701DD-5938-45BA-B47F-E9FEE15AC01D}.Release|Any CPU.Build.0 = Release|Any CPU
		{70D701DD-5938-45BA-B47F-E9FEE15AC01D}.Release|x64.ActiveCfg = Release|Any CPU
		{70D701DD-5938-45BA-B47F-E9FEE15AC01D}.Release|x64.Build.0 = Release|Any CPU
		{CD825D94-83CF-4093-ABA2-15A7117C3751}.Debug|Any CPU.ActiveCfg = Debug|Any CPU
		{CD825D94-83CF-4093-ABA2-15A7117C3751}.Debug|Any CPU.Build.0 = Debug|Any CPU
		{CD825D94-83CF-4093-ABA2-15A7117C3751}.Debug|x64.ActiveCfg = Debug|Any CPU
		{CD825D94-83CF-4093-ABA2-15A7117C3751}.Debug|x64.Build.0 = Debug|Any CPU
		{CD825D94-83CF-4093-ABA2-15A7117C3751}.Release|Any CPU.ActiveCfg = Release|Any CPU
		{CD825D94-83CF-4093-ABA2-15A7117C3751}.Release|Any CPU.Build.0 = Release|Any CPU
		{CD825D94-83CF-4093-ABA2-15A7117C3751}.Release|x64.ActiveCfg = Release|Any CPU
		{CD825D94-83CF-4093-ABA2-15A7117C3751}.Release|x64.Build.0 = Release|Any CPU
	EndGlobalSection
	GlobalSection(SolutionProperties) = preSolution
		HideSolutionNode = FALSE
	EndGlobalSection
	GlobalSection(ExtensibilityGlobals) = postSolution
		SolutionGuid = {F80D5F83-47DF-454D-BC3C-991106E8DD8F}
	EndGlobalSection
EndGlobal
