
Microsoft Visual Studio Solution File, Format Version 12.00
# Visual Studio Version 16
VisualStudioVersion = 16.0.29905.134
MinimumVisualStudioVersion = 10.0.40219.1
Project("{FAE04EC0-301F-11D3-BF4B-00C04F79EFBC}") = "WindowsFormsApp1", "WindowsFormsApp1.csproj", "{95DC2524-179A-4AB9-923D-E6A33305F85B}"
EndProject
Global
	GlobalSection(SolutionConfigurationPlatforms) = preSolution
		Debug|Any CPU = Debug|Any CPU
		Release|Any CPU = Release|Any CPU
	EndGlobalSection
	GlobalSection(ProjectConfigurationPlatforms) = postSolution
		{95DC2524-179A-4AB9-923D-E6A33305F85B}.Debug|Any CPU.ActiveCfg = Debug|Any CPU
		{95DC2524-179A-4AB9-923D-E6A33305F85B}.Debug|Any CPU.Build.0 = Debug|Any CPU
		{95DC2524-179A-4AB9-923D-E6A33305F85B}.Release|Any CPU.ActiveCfg = Release|Any CPU
		{95DC2524-179A-4AB9-923D-E6A33305F85B}.Release|Any CPU.Build.0 = Release|Any CPU
	EndGlobalSection
	GlobalSection(SolutionProperties) = preSolution
		HideSolutionNode = FALSE
	EndGlobalSection
	GlobalSection(ExtensibilityGlobals) = postSolution
		SolutionGuid = {F80D5F83-47DF-454D-BC3C-991106E8DD8F}
	EndGlobalSection
EndGlobal
